# THIS IS AN AUTOGENERATED FILE. DO NOT EDIT THIS FILE DIRECTLY.
# yarn lockfile v1


"@javelin/ecs@0.22.0":
  version "0.22.0"
  resolved "https://registry.yarnpkg.com/@javelin/ecs/-/ecs-0.22.0.tgz#02778962cd42db79a126f9cb6bbd2cfdcdfaa148"
  integrity sha512-zFTu2LeNCBIKAx/kyL1mVRRuokumqVKwLUE5S1pj7anPOXfNa5NN8MY3PALeIMCZpqGsktTCNOEX+s2fDJcG5Q==

"@lastolivegames/becsy@0.8.4":
  version "0.8.4"
  resolved "https://registry.yarnpkg.com/@lastolivegames/becsy/-/becsy-0.8.4.tgz#282591f1642e4dac5e257b26a59bd3f8b1035026"
  integrity sha512-M4bx1SARd5x1sVrCAy1OLdACEFO0QCytG4d+IWy/WMetoongeh+jKlSIYytA4WXDATUN58QkhH5nli9VeVHiwg==

"@types/node@^16.9.1":
  version "16.11.11"
  resolved "https://registry.yarnpkg.com/@types/node/-/node-16.11.11.tgz#6ea7342dfb379ea1210835bada87b3c512120234"
  integrity sha512-KB0sixD67CeecHC33MYn+eYARkqTheIRNuu97y2XMjR7Wu3XibO1vaY6VBV6O/a89SPI81cEUIYT87UqUWlZNw==

bitecs@0.3.21:
  version "0.3.21"
  resolved "https://registry.yarnpkg.com/bitecs/-/bitecs-0.3.21.tgz#9fe0322ae01950e675af6b22b3301c17720d85a9"
  integrity sha512-+DZgy6aeCNFkxOU74/JuWb1p+WPzghxTIFGbGLP1dOmYYV7zpXeAXLmfN3S9SVgetPLQOIJeEQFKULLgcIn5dg==

camelcase@6.0.0:
  version "6.0.0"
  resolved "https://registry.yarnpkg.com/camelcase/-/camelcase-6.0.0.tgz#5259f7c30e35e278f1bdc2a4d91230b37cad981e"
  integrity sha512-8KMDF1Vz2gzOq54ONPJS65IvTUaB1cHJ2DMM7MbPmLZljDH1qpzzLsWdiN9pHh6qvkRVDTi/07+eNGch/oLU4w==

ecsy@0.4.2:
  version "0.4.2"
  resolved "https://registry.yarnpkg.com/ecsy/-/ecsy-0.4.2.tgz#5d0c78fb248c81f587dfc05c01cb39e8bb2233ab"
  integrity sha512-dVKOkuz1IsRvS7GlHcWghUtMZzXr70h6b+SQEHlKy2RgsCRNDzdYr6a43Q6HafuquA/67YFZCQt8zqadq/jlLA==

eventemitter3@^4.0.7:
  version "4.0.7"
  resolved "https://registry.yarnpkg.com/eventemitter3/-/eventemitter3-4.0.7.tgz#2de9b68f6528d5644ef5c59526a1b4a07306169f"
  integrity sha512-8guHBZCwKnFhYdHr2ysuRWErTwhoN2X8XELRlrRwpmfeY2jjuUN4taQMsULKUVo1K4DvZl+0pgfyoysHxvmvEw==

flock-ecs@0.1.5:
  version "0.1.5"
  resolved "https://registry.yarnpkg.com/flock-ecs/-/flock-ecs-0.1.5.tgz#b808721fa0cfe5ee0e004bfd0c1d74e2e15292d4"
  integrity sha512-23Sx3tQ/IFjlTyoNPygVj1q7SDt2OVdJ4epdn/kH7GoKpjZI1Js4YNUS+4H5AhsdbGXbLNR/9GdlCClLrxtsMw==

geotic@4.1.6:
  version "4.1.6"
  resolved "https://registry.yarnpkg.com/geotic/-/geotic-4.1.6.tgz#b01367e060512ffdcb0a46720de5f0c9b60856a7"
  integrity sha512-5dxwkMiN+vHHBe5pPqWtoxR0acx0OglgSl1rXtr+0TZRMUEcVv1JLJF7IIB1s93x7J+x9HjsrTSVeBy05+9G7g==
  dependencies:
    camelcase "6.0.0"
    nanoid "3.1.3"

goodluck@7.0.0:
  version "7.0.0"
  resolved "https://registry.yarnpkg.com/goodluck/-/goodluck-7.0.0.tgz#2b97e28fa8bebadc255383c5a44c4b364dc7c015"
  integrity sha512-ml0lMI5CGXkSHRg7Po3wpyNm0qMDshrquiXEVFdAYyehvh8qT5SsQuLvK+T6YjUMJE27d1EkqVhNBp1ufsZEZA==

harmony-ecs@0.0.9:
  version "0.0.9"
  resolved "https://registry.yarnpkg.com/harmony-ecs/-/harmony-ecs-0.0.9.tgz#94d9f5b74a11a909cb7ed86509aa498eeb1ca553"
  integrity sha512-vZxRxfzOYR//8WCsbPiRrQuB7xjQ5Y4wyfnEH7Fk7Ywilv2nQG9FBTglIVaHX+I3GwdeWYDnZNOQ0DUP+fh33w==

hecs@^0.17.0:
  version "0.17.0"
  resolved "https://registry.yarnpkg.com/hecs/-/hecs-0.17.0.tgz#a8a63575a732eb978d3dcc3f4813d12b4d87bf5f"
  integrity sha512-KLkGU3+/WBy9NQLG63J3ZN8zM1JnJTQ5RL/Kc8DGf2VdbhFfDzGMBr4ch4iHJQagdCaeJ9ZjL8pp2BF0RfEF2w==
  dependencies:
    eventemitter3 "^4.0.7"

makr@2.1.1:
  version "2.1.1"
  resolved "https://registry.yarnpkg.com/makr/-/makr-2.1.1.tgz#49af7e13415140b78b9e21cb3a75739807d0decc"
  integrity sha1-Sa9+E0FRQLeLniHLOnVzmAfQ3sw=

nanoid@3.1.3:
  version "3.1.3"
  resolved "https://registry.yarnpkg.com/nanoid/-/nanoid-3.1.3.tgz#b2bcfcfda4b4d6838bc22a0c8dd3c0a17a204c20"
  integrity sha512-Zw8rTOUfh6FlKgkEbHiB1buOF2zOPOQyGirABUWn+9Z7m9PpyoLVkh6Ksc53vBjndINQ2+9LfRPaHxb/u45EGg==

perform-ecs@0.7.8:
  version "0.7.8"
  resolved "https://registry.yarnpkg.com/perform-ecs/-/perform-ecs-0.7.8.tgz#230eadbedf799d29c3d05f62a59536cca0340eb6"
  integrity sha512-+4WYfCW6/ZVYQDF+78RJc7oWmK2dqtfsdDRfB/kyiHfbQfRIWldJqn2hpQt0ByDWQgtFQrMGGpED1S9wQj3WOw==

picoes@1.0.0:
  version "1.0.0"
  resolved "https://registry.yarnpkg.com/picoes/-/picoes-1.0.0.tgz#67941bf8d840b07402557ba7e9cf8b9c265af1dc"
  integrity sha512-M930o/vy0zAF55nFjUa8e7ZrU/WTB7jJjQKk2jImMyUkZVHStseUAPXo7STKs+wnzWXGkmUYZjN3qQZXb0+TDg==

tiny-ecs@2.0.0:
  version "2.0.0"
  resolved "https://registry.yarnpkg.com/tiny-ecs/-/tiny-ecs-2.0.0.tgz#966b81f94a975dab08d460a691d625f74c29541c"
  integrity sha1-lmuB+UqXXasI1GCmkdYl90wpVBw=
  dependencies:
    typedef "~1.0.2"

typedef@~1.0.2:
  version "1.0.4"
  resolved "https://registry.yarnpkg.com/typedef/-/typedef-1.0.4.tgz#f83388816916064d946008d9aeb297caaabf383b"
  integrity sha1-+DOIgWkWBk2UYAjZrrKXyqq/ODs=

uecs@0.4.0:
  version "0.4.0"
  resolved "https://registry.yarnpkg.com/uecs/-/uecs-0.4.0.tgz#e9c9ee6c6549ed2934d555ade8a35564f22348af"
  integrity sha512-y2B1MEubVynOza8Q/2a7/amBtwW+vR3qcwrZBVCXXHHU5sBsppeA5SWr7+iwBeF9YeDP02wcmPYEXRk2u11N1A==

wolf-ecs@2.1.1:
  version "2.1.1"
  resolved "https://registry.yarnpkg.com/wolf-ecs/-/wolf-ecs-2.1.1.tgz#e07c0ba4511f00f04d612b12cf0e405c1eee2523"
  integrity sha512-Wxdvv7hiJQdbRmfv/plm8xSPRyRg4dPkwajVEZf1mjt4ctumLAdZcvc4LIkFCvhLEABrX/KgTgpA5ucUGymahw==
